
Microsoft Visual Studio Solution File, Format Version 12.00
# Visual Studio Version 17
VisualStudioVersion = 17.6.33829.357
MinimumVisualStudioVersion = 10.0.40219.1
Project("{FAE04EC0-301F-11D3-BF4B-00C04F79EFBC}") = "MovieMosaic", "MovieMosaic\MovieMosaic.csproj", "{351FC7CE-70CE-4158-ADB8-76BC35249A8F}"
EndProject
Global
	GlobalSection(SolutionConfigurationPlatforms) = preSolution
		Debug|Any CPU = Debug|Any CPU
		Release|Any CPU = Release|Any CPU
	EndGlobalSection
	GlobalSection(ProjectConfigurationPlatforms) = postSolution
		{351FC7CE-70CE-4158-ADB8-76BC35249A8F}.Debug|Any CPU.ActiveCfg = Debug|Any CPU
		{351FC7CE-70CE-4158-ADB8-76BC35249A8F}.Debug|Any CPU.Build.0 = Debug|Any CPU
		{351FC7CE-70CE-4158-ADB8-76BC35249A8F}.Release|Any CPU.ActiveCfg = Release|Any CPU
		{351FC7CE-70CE-4158-ADB8-76BC35249A8F}.Release|Any CPU.Build.0 = Release|Any CPU
	EndGlobalSection
	GlobalSection(SolutionProperties) = preSolution
		HideSolutionNode = FALSE
	EndGlobalSection
	GlobalSection(ExtensibilityGlobals) = postSolution
		SolutionGuid = {03C14000-A112-4831-B096-0A7718673042}
	EndGlobalSection
EndGlobal
